// !$*UTF8*$!
{
	archiveVersion = 1;
	classes = {
	};
	objectVersion = 56;
	objects = {

/* Begin PBXBuildFile section */
		A10000000000000000000101 /* FoodTrackerApp.swift in Sources */ = {isa = PBXBuildFile; fileRef = A10000000000000000000201 /* FoodTrackerApp.swift */; };
		A10000000000000000000102 /* RootView.swift in Sources */ = {isa = PBXBuildFile; fileRef = A10000000000000000000202 /* RootView.swift */; };
		A10000000000000000000104 /* Models.swift in Sources */ = {isa = PBXBuildFile; fileRef = A10000000000000000000205 /* Models.swift */; };
		A10000000000000000000105 /* FoodTrackerStore.swift in Sources */ = {isa = PBXBuildFile; fileRef = A10000000000000000000206 /* FoodTrackerStore.swift */; };
		A10000000000000000000106 /* DesignSystem.swift in Sources */ = {isa = PBXBuildFile; fileRef = A10000000000000000000207 /* DesignSystem.swift */; };
		A10000000000000000000107 /* AppShellView.swift in Sources */ = {isa = PBXBuildFile; fileRef = A10000000000000000000208 /* AppShellView.swift */; };
		A10000000000000000000108 /* ScheduleView.swift in Sources */ = {isa = PBXBuildFile; fileRef = A10000000000000000000209 /* ScheduleView.swift */; };
		A10000000000000000000109 /* WeekDetailView.swift in Sources */ = {isa = PBXBuildFile; fileRef = A1000000000000000000020A /* WeekDetailView.swift */; };
		A1000000000000000000010A /* RecipesView.swift in Sources */ = {isa = PBXBuildFile; fileRef = A1000000000000000000020B /* RecipesView.swift */; };
		A1000000000000000000010B /* RecipeDetailView.swift in Sources */ = {isa = PBXBuildFile; fileRef = A1000000000000000000020C /* RecipeDetailView.swift */; };
		A1000000000000000000010C /* LibrarySettingsView.swift in Sources */ = {isa = PBXBuildFile; fileRef = A1000000000000000000020D /* LibrarySettingsView.swift */; };
		A1000000000000000000010D /* AssistantView.swift in Sources */ = {isa = PBXBuildFile; fileRef = A1000000000000000000020E /* AssistantView.swift */; };
		A1000000000000000000010E /* AuthStore.swift in Sources */ = {isa = PBXBuildFile; fileRef = A1000000000000000000020F /* AuthStore.swift */; };
		A1000000000000000000010F /* AuthView.swift in Sources */ = {isa = PBXBuildFile; fileRef = A10000000000000000000210 /* AuthView.swift */; };
		B20000000000000000000101 /* FoodTrackerStoreTests.swift in Sources */ = {isa = PBXBuildFile; fileRef = B20000000000000000000201 /* FoodTrackerStoreTests.swift */; };
		C30000000000000000000102 /* Assets.xcassets in Resources */ = {isa = PBXBuildFile; fileRef = A10000000000000000000203 /* Assets.xcassets */; };
		C30000000000000000000101 /* PrivacyInfo.xcprivacy in Resources */ = {isa = PBXBuildFile; fileRef = C30000000000000000000201 /* PrivacyInfo.xcprivacy */; };
/* End PBXBuildFile section */

/* Begin PBXContainerItemProxy section */
		B20000000000000000000801 /* PBXContainerItemProxy */ = {
			isa = PBXContainerItemProxy;
			containerPortal = A10000000000000000000501 /* Project object */;
			proxyType = 1;
			remoteGlobalIDString = A10000000000000000000001;
			remoteInfo = FoodTracker;
		};
/* End PBXContainerItemProxy section */

/* Begin PBXFileReference section */
		A10000000000000000000201 /* FoodTrackerApp.swift */ = {isa = PBXFileReference; lastKnownFileType = sourcecode.swift; path = FoodTrackerApp.swift; sourceTree = "<group>"; };
		A10000000000000000000202 /* RootView.swift */ = {isa = PBXFileReference; lastKnownFileType = sourcecode.swift; path = RootView.swift; sourceTree = "<group>"; };
		A10000000000000000000203 /* Assets.xcassets */ = {isa = PBXFileReference; lastKnownFileType = folder.assetcatalog; path = Assets.xcassets; sourceTree = "<group>"; };
		A10000000000000000000204 /* FoodTracker.app */ = {isa = PBXFileReference; explicitFileType = wrapper.application; includeInIndex = 0; path = FoodTracker.app; sourceTree = BUILT_PRODUCTS_DIR; };
		A10000000000000000000205 /* Models.swift */ = {isa = PBXFileReference; lastKnownFileType = sourcecode.swift; path = Models.swift; sourceTree = "<group>"; };
		A10000000000000000000206 /* FoodTrackerStore.swift */ = {isa = PBXFileReference; lastKnownFileType = sourcecode.swift; path = FoodTrackerStore.swift; sourceTree = "<group>"; };
		A10000000000000000000207 /* DesignSystem.swift */ = {isa = PBXFileReference; lastKnownFileType = sourcecode.swift; path = DesignSystem.swift; sourceTree = "<group>"; };
		A10000000000000000000208 /* AppShellView.swift */ = {isa = PBXFileReference; lastKnownFileType = sourcecode.swift; path = AppShellView.swift; sourceTree = "<group>"; };
		A10000000000000000000209 /* ScheduleView.swift */ = {isa = PBXFileReference; lastKnownFileType = sourcecode.swift; path = ScheduleView.swift; sourceTree = "<group>"; };
		A1000000000000000000020A /* WeekDetailView.swift */ = {isa = PBXFileReference; lastKnownFileType = sourcecode.swift; path = WeekDetailView.swift; sourceTree = "<group>"; };
		A1000000000000000000020B /* RecipesView.swift */ = {isa = PBXFileReference; lastKnownFileType = sourcecode.swift; path = RecipesView.swift; sourceTree = "<group>"; };
		A1000000000000000000020C /* RecipeDetailView.swift */ = {isa = PBXFileReference; lastKnownFileType = sourcecode.swift; path = RecipeDetailView.swift; sourceTree = "<group>"; };
		A1000000000000000000020D /* LibrarySettingsView.swift */ = {isa = PBXFileReference; lastKnownFileType = sourcecode.swift; path = LibrarySettingsView.swift; sourceTree = "<group>"; };
		A1000000000000000000020E /* AssistantView.swift */ = {isa = PBXFileReference; lastKnownFileType = sourcecode.swift; path = AssistantView.swift; sourceTree = "<group>"; };
		A1000000000000000000020F /* AuthStore.swift */ = {isa = PBXFileReference; lastKnownFileType = sourcecode.swift; path = AuthStore.swift; sourceTree = "<group>"; };
		A10000000000000000000210 /* AuthView.swift */ = {isa = PBXFileReference; lastKnownFileType = sourcecode.swift; path = AuthView.swift; sourceTree = "<group>"; };
		B20000000000000000000201 /* FoodTrackerStoreTests.swift */ = {isa = PBXFileReference; lastKnownFileType = sourcecode.swift; path = FoodTrackerStoreTests.swift; sourceTree = "<group>"; };
		B20000000000000000000202 /* FoodTrackerTests.xctest */ = {isa = PBXFileReference; explicitFileType = wrapper.cfbundle; includeInIndex = 0; path = FoodTrackerTests.xctest; sourceTree = BUILT_PRODUCTS_DIR; };
		C30000000000000000000201 /* PrivacyInfo.xcprivacy */ = {isa = PBXFileReference; lastKnownFileType = text.xml; path = PrivacyInfo.xcprivacy; sourceTree = "<group>"; };
/* End PBXFileReference section */

/* Begin PBXFrameworksBuildPhase section */
		A10000000000000000000301 /* Frameworks */ = {
			isa = PBXFrameworksBuildPhase;
			buildActionMask = 2147483647;
			files = (
			);
			runOnlyForDeploymentPostprocessing = 0;
		};
		B20000000000000000000301 /* Frameworks */ = {
			isa = PBXFrameworksBuildPhase;
			buildActionMask = 2147483647;
			files = (
			);
			runOnlyForDeploymentPostprocessing = 0;
		};
/* End PBXFrameworksBuildPhase section */

/* Begin PBXGroup section */
		A10000000000000000000401 = {
			isa = PBXGroup;
			children = (
				A10000000000000000000402 /* FoodTracker */,
				B20000000000000000000401 /* FoodTrackerTests */,
				A10000000000000000000406 /* Products */,
			);
			sourceTree = "<group>";
		};
		A10000000000000000000402 /* FoodTracker */ = {
			isa = PBXGroup;
			children = (
				A10000000000000000000403 /* App */,
				A10000000000000000000404 /* Core */,
				A10000000000000000000405 /* Features */,
				A10000000000000000000407 /* Resources */,
			);
			path = FoodTracker;
			sourceTree = "<group>";
		};
		A10000000000000000000403 /* App */ = {
			isa = PBXGroup;
			children = (
				A10000000000000000000201 /* FoodTrackerApp.swift */,
				A10000000000000000000202 /* RootView.swift */,
			);
			path = App;
			sourceTree = "<group>";
		};
		A10000000000000000000404 /* Core */ = {
			isa = PBXGroup;
			children = (
				A10000000000000000000205 /* Models.swift */,
				A10000000000000000000206 /* FoodTrackerStore.swift */,
				A10000000000000000000207 /* DesignSystem.swift */,
				A1000000000000000000020F /* AuthStore.swift */,
			);
			path = Core;
			sourceTree = "<group>";
		};
		A10000000000000000000405 /* Features */ = {
			isa = PBXGroup;
			children = (
				A10000000000000000000208 /* AppShellView.swift */,
				A10000000000000000000209 /* ScheduleView.swift */,
				A1000000000000000000020A /* WeekDetailView.swift */,
				A1000000000000000000020B /* RecipesView.swift */,
				A1000000000000000000020C /* RecipeDetailView.swift */,
				A1000000000000000000020D /* LibrarySettingsView.swift */,
				A1000000000000000000020E /* AssistantView.swift */,
				A10000000000000000000210 /* AuthView.swift */,
			);
			path = Features;
			sourceTree = "<group>";
		};
		A10000000000000000000406 /* Products */ = {
			isa = PBXGroup;
			children = (
				A10000000000000000000204 /* FoodTracker.app */,
				B20000000000000000000202 /* FoodTrackerTests.xctest */,
			);
			name = Products;
			sourceTree = "<group>";
		};
		A10000000000000000000407 /* Resources */ = {
			isa = PBXGroup;
			children = (
				A10000000000000000000203 /* Assets.xcassets */,
				C30000000000000000000201 /* PrivacyInfo.xcprivacy */,
			);
			path = Resources;
			sourceTree = "<group>";
		};
		B20000000000000000000401 /* FoodTrackerTests */ = {
			isa = PBXGroup;
			children = (
				B20000000000000000000201 /* FoodTrackerStoreTests.swift */,
			);
			path = FoodTrackerTests;
			sourceTree = "<group>";
		};
/* End PBXGroup section */

/* Begin PBXNativeTarget section */
		A10000000000000000000001 /* FoodTracker */ = {
			isa = PBXNativeTarget;
			buildConfigurationList = A10000000000000000000702 /* Build configuration list for PBXNativeTarget "FoodTracker" */;
			buildPhases = (
				A10000000000000000000302 /* Sources */,
				A10000000000000000000301 /* Frameworks */,
				A10000000000000000000303 /* Resources */,
			);
			buildRules = (
			);
			dependencies = (
			);
			name = FoodTracker;
			productName = FoodTracker;
			productReference = A10000000000000000000204 /* FoodTracker.app */;
			productType = "com.apple.product-type.application";
		};
		B20000000000000000000001 /* FoodTrackerTests */ = {
			isa = PBXNativeTarget;
			buildConfigurationList = B20000000000000000000701 /* Build configuration list for PBXNativeTarget "FoodTrackerTests" */;
			buildPhases = (
				B20000000000000000000302 /* Sources */,
				B20000000000000000000301 /* Frameworks */,
				B20000000000000000000303 /* Resources */,
			);
			buildRules = (
			);
			dependencies = (
				B20000000000000000000802 /* PBXTargetDependency */,
			);
			name = FoodTrackerTests;
			productName = FoodTrackerTests;
			productReference = B20000000000000000000202 /* FoodTrackerTests.xctest */;
			productType = "com.apple.product-type.bundle.unit-test";
		};
/* End PBXNativeTarget section */

/* Begin PBXProject section */
		A10000000000000000000501 /* Project object */ = {
			isa = PBXProject;
			attributes = {
				BuildIndependentTargetsInParallel = 1;
				LastSwiftUpdateCheck = 2620;
				LastUpgradeCheck = 2620;
				TargetAttributes = {
					A10000000000000000000001 = {
						CreatedOnToolsVersion = 26.2;
					};
					B20000000000000000000001 = {
						CreatedOnToolsVersion = 26.2;
						TestTargetID = A10000000000000000000001;
					};
				};
			};
			buildConfigurationList = A10000000000000000000701 /* Build configuration list for PBXProject "FoodTracker" */;
			compatibilityVersion = "Xcode 14.0";
			developmentRegion = en;
			hasScannedForEncodings = 0;
			knownRegions = (
				en,
				Base,
			);
			mainGroup = A10000000000000000000401;
			productRefGroup = A10000000000000000000406 /* Products */;
			projectDirPath = "";
			projectRoot = "";
			targets = (
				A10000000000000000000001 /* FoodTracker */,
				B20000000000000000000001 /* FoodTrackerTests */,
			);
		};
/* End PBXProject section */

/* Begin PBXResourcesBuildPhase section */
		A10000000000000000000303 /* Resources */ = {
			isa = PBXResourcesBuildPhase;
			buildActionMask = 2147483647;
			files = (
				C30000000000000000000102 /* Assets.xcassets in Resources */,
				C30000000000000000000101 /* PrivacyInfo.xcprivacy in Resources */,
			);
			runOnlyForDeploymentPostprocessing = 0;
		};
		B20000000000000000000303 /* Resources */ = {
			isa = PBXResourcesBuildPhase;
			buildActionMask = 2147483647;
			files = (
			);
			runOnlyForDeploymentPostprocessing = 0;
		};
/* End PBXResourcesBuildPhase section */

/* Begin PBXSourcesBuildPhase section */
		A10000000000000000000302 /* Sources */ = {
			isa = PBXSourcesBuildPhase;
			buildActionMask = 2147483647;
			files = (
				A10000000000000000000101 /* FoodTrackerApp.swift in Sources */,
				A10000000000000000000102 /* RootView.swift in Sources */,
				A10000000000000000000104 /* Models.swift in Sources */,
				A10000000000000000000105 /* FoodTrackerStore.swift in Sources */,
				A10000000000000000000106 /* DesignSystem.swift in Sources */,
				A10000000000000000000107 /* AppShellView.swift in Sources */,
				A10000000000000000000108 /* ScheduleView.swift in Sources */,
				A10000000000000000000109 /* WeekDetailView.swift in Sources */,
				A1000000000000000000010A /* RecipesView.swift in Sources */,
				A1000000000000000000010B /* RecipeDetailView.swift in Sources */,
				A1000000000000000000010C /* LibrarySettingsView.swift in Sources */,
				A1000000000000000000010D /* AssistantView.swift in Sources */,
				A1000000000000000000010E /* AuthStore.swift in Sources */,
				A1000000000000000000010F /* AuthView.swift in Sources */,
			);
			runOnlyForDeploymentPostprocessing = 0;
		};
		B20000000000000000000302 /* Sources */ = {
			isa = PBXSourcesBuildPhase;
			buildActionMask = 2147483647;
			files = (
				B20000000000000000000101 /* FoodTrackerStoreTests.swift in Sources */,
			);
			runOnlyForDeploymentPostprocessing = 0;
		};
/* End PBXSourcesBuildPhase section */

/* Begin PBXTargetDependency section */
		B20000000000000000000802 /* PBXTargetDependency */ = {
			isa = PBXTargetDependency;
			target = A10000000000000000000001 /* FoodTracker */;
			targetProxy = B20000000000000000000801 /* PBXContainerItemProxy */;
		};
/* End PBXTargetDependency section */

/* Begin XCBuildConfiguration section */
		A10000000000000000000601 /* Debug */ = {
			isa = XCBuildConfiguration;
			buildSettings = {
				ALWAYS_SEARCH_USER_PATHS = NO;
				CLANG_ANALYZER_NONNULL = YES;
				CLANG_ANALYZER_NUMBER_OBJECT_CONVERSION = YES_AGGRESSIVE;
				CLANG_CXX_LANGUAGE_STANDARD = "gnu++20";
				CLANG_ENABLE_MODULES = YES;
				CLANG_ENABLE_OBJC_ARC = YES;
				CLANG_ENABLE_OBJC_WEAK = YES;
				CLANG_WARN_BLOCK_CAPTURE_AUTORELEASING = YES;
				CLANG_WARN_BOOL_CONVERSION = YES;
				CLANG_WARN_COMMA = YES;
				CLANG_WARN_CONSTANT_CONVERSION = YES;
				CLANG_WARN_DEPRECATED_OBJC_IMPLEMENTATIONS = YES;
				CLANG_WARN_DIRECT_OBJC_ISA_USAGE = YES_ERROR;
				CLANG_WARN_DOCUMENTATION_COMMENTS = YES;
				CLANG_WARN_EMPTY_BODY = YES;
				CLANG_WARN_ENUM_CONVERSION = YES;
				CLANG_WARN_INFINITE_RECURSION = YES;
				CLANG_WARN_INT_CONVERSION = YES;
				CLANG_WARN_NON_LITERAL_NULL_CONVERSION = YES;
				CLANG_WARN_OBJC_IMPLICIT_RETAIN_SELF = YES;
				CLANG_WARN_OBJC_LITERAL_CONVERSION = YES;
				CLANG_WARN_OBJC_ROOT_CLASS = YES_ERROR;
				CLANG_WARN_QUOTED_INCLUDE_IN_FRAMEWORK_HEADER = YES;
				CLANG_WARN_RANGE_LOOP_ANALYSIS = YES;
				CLANG_WARN_STRICT_PROTOTYPES = YES;
				CLANG_WARN_SUSPICIOUS_MOVE = YES;
				CLANG_WARN_UNGUARDED_AVAILABILITY = YES_AGGRESSIVE;
				CLANG_WARN_UNREACHABLE_CODE = YES;
				CLANG_WARN__DUPLICATE_METHOD_MATCH = YES;
				COPY_PHASE_STRIP = NO;
				DEBUG_INFORMATION_FORMAT = dwarf;
				ENABLE_STRICT_OBJC_MSGSEND = YES;
				ENABLE_TESTABILITY = YES;
				ENABLE_USER_SCRIPT_SANDBOXING = YES;
				GCC_C_LANGUAGE_STANDARD = gnu17;
				GCC_DYNAMIC_NO_PIC = NO;
				GCC_NO_COMMON_BLOCKS = YES;
				GCC_OPTIMIZATION_LEVEL = 0;
				GCC_PREPROCESSOR_DEFINITIONS = (
					"DEBUG=1",
					"$(inherited)",
				);
				GCC_WARN_64_TO_32_BIT_CONVERSION = YES;
				GCC_WARN_ABOUT_RETURN_TYPE = YES_ERROR;
				GCC_WARN_UNDECLARED_SELECTOR = YES;
				GCC_WARN_UNINITIALIZED_AUTOS = YES_AGGRESSIVE;
				GCC_WARN_UNUSED_FUNCTION = YES;
				GCC_WARN_UNUSED_VARIABLE = YES;
				LOCALIZATION_PREFERS_STRING_CATALOGS = YES;
				MTL_ENABLE_DEBUG_INFO = INCLUDE_SOURCE;
				MTL_FAST_MATH = YES;
				ONLY_ACTIVE_ARCH = YES;
				SDKROOT = iphoneos;
				SWIFT_ACTIVE_COMPILATION_CONDITIONS = "DEBUG $(inherited)";
				SWIFT_OPTIMIZATION_LEVEL = "-Onone";
			};
			name = Debug;
		};
		A10000000000000000000602 /* Release */ = {
			isa = XCBuildConfiguration;
			buildSettings = {
				ALWAYS_SEARCH_USER_PATHS = NO;
				CLANG_ANALYZER_NONNULL = YES;
				CLANG_ANALYZER_NUMBER_OBJECT_CONVERSION = YES_AGGRESSIVE;
				CLANG_CXX_LANGUAGE_STANDARD = "gnu++20";
				CLANG_ENABLE_MODULES = YES;
				CLANG_ENABLE_OBJC_ARC = YES;
				CLANG_ENABLE_OBJC_WEAK = YES;
				CLANG_WARN_BLOCK_CAPTURE_AUTORELEASING = YES;
				CLANG_WARN_BOOL_CONVERSION = YES;
				CLANG_WARN_COMMA = YES;
				CLANG_WARN_CONSTANT_CONVERSION = YES;
				CLANG_WARN_DEPRECATED_OBJC_IMPLEMENTATIONS = YES;
				CLANG_WARN_DIRECT_OBJC_ISA_USAGE = YES_ERROR;
				CLANG_WARN_DOCUMENTATION_COMMENTS = YES;
				CLANG_WARN_EMPTY_BODY = YES;
				CLANG_WARN_ENUM_CONVERSION = YES;
				CLANG_WARN_INFINITE_RECURSION = YES;
				CLANG_WARN_INT_CONVERSION = YES;
				CLANG_WARN_NON_LITERAL_NULL_CONVERSION = YES;
				CLANG_WARN_OBJC_IMPLICIT_RETAIN_SELF = YES;
				CLANG_WARN_OBJC_LITERAL_CONVERSION = YES;
				CLANG_WARN_OBJC_ROOT_CLASS = YES_ERROR;
				CLANG_WARN_QUOTED_INCLUDE_IN_FRAMEWORK_HEADER = YES;
				CLANG_WARN_RANGE_LOOP_ANALYSIS = YES;
				CLANG_WARN_STRICT_PROTOTYPES = YES;
				CLANG_WARN_SUSPICIOUS_MOVE = YES;
				CLANG_WARN_UNGUARDED_AVAILABILITY = YES_AGGRESSIVE;
				CLANG_WARN_UNREACHABLE_CODE = YES;
				CLANG_WARN__DUPLICATE_METHOD_MATCH = YES;
				COPY_PHASE_STRIP = NO;
				DEBUG_INFORMATION_FORMAT = "dwarf-with-dsym";
				ENABLE_NS_ASSERTIONS = NO;
				ENABLE_STRICT_OBJC_MSGSEND = YES;
				ENABLE_USER_SCRIPT_SANDBOXING = YES;
				GCC_C_LANGUAGE_STANDARD = gnu17;
				GCC_NO_COMMON_BLOCKS = YES;
				GCC_WARN_64_TO_32_BIT_CONVERSION = YES;
				GCC_WARN_ABOUT_RETURN_TYPE = YES_ERROR;
				GCC_WARN_UNDECLARED_SELECTOR = YES;
				GCC_WARN_UNINITIALIZED_AUTOS = YES_AGGRESSIVE;
				GCC_WARN_UNUSED_FUNCTION = YES;
				GCC_WARN_UNUSED_VARIABLE = YES;
				LOCALIZATION_PREFERS_STRING_CATALOGS = YES;
				MTL_ENABLE_DEBUG_INFO = NO;
				MTL_FAST_MATH = YES;
				SDKROOT = iphoneos;
				SWIFT_COMPILATION_MODE = wholemodule;
				VALIDATE_PRODUCT = YES;
			};
			name = Release;
		};
		A10000000000000000000603 /* Debug */ = {
			isa = XCBuildConfiguration;
			buildSettings = {
				ASSETCATALOG_COMPILER_APPICON_NAME = AppIcon;
				ASSETCATALOG_COMPILER_GLOBAL_ACCENT_COLOR_NAME = AccentColor;
				CODE_SIGN_STYLE = Automatic;
				CURRENT_PROJECT_VERSION = 1;
				DEVELOPMENT_ASSET_PATHS = "";
				ENABLE_PREVIEWS = YES;
				GENERATE_INFOPLIST_FILE = YES;
				INFOPLIST_KEY_CFBundleDisplayName = "List To Ladle";
				INFOPLIST_KEY_CFBundleName = "List To Ladle";
				INFOPLIST_KEY_FoodTrackerAPIBaseURL = "http://localhost:3000";
				INFOPLIST_KEY_ITSAppUsesNonExemptEncryption = NO;
				INFOPLIST_KEY_LSApplicationCategoryType = "public.app-category.food-and-drink";
				INFOPLIST_KEY_UIApplicationSceneManifest_Generation = YES;
				INFOPLIST_KEY_UIApplicationSupportsIndirectInputEvents = YES;
				INFOPLIST_KEY_UILaunchScreen_Generation = YES;
				INFOPLIST_KEY_UISupportedInterfaceOrientations = UIInterfaceOrientationPortrait;
				IPHONEOS_DEPLOYMENT_TARGET = 18.0;
				LD_RUNPATH_SEARCH_PATHS = (
					"$(inherited)",
					"@executable_path/Frameworks",
				);
				MARKETING_VERSION = 1.0;
				PRODUCT_BUNDLE_IDENTIFIER = com.zacjones.foodtracker.mobile;
				PRODUCT_NAME = "$(TARGET_NAME)";
				SUPPORTED_PLATFORMS = "iphoneos iphonesimulator";
				SUPPORTS_MACCATALYST = NO;
				SUPPORTS_XR_DESIGNED_FOR_IPHONE_IPAD = NO;
				SWIFT_EMIT_LOC_STRINGS = YES;
				SWIFT_STRICT_CONCURRENCY = complete;
				SWIFT_VERSION = 5.0;
				TARGETED_DEVICE_FAMILY = 1;
			};
			name = Debug;
		};
		A10000000000000000000604 /* Release */ = {
			isa = XCBuildConfiguration;
			buildSettings = {
				ASSETCATALOG_COMPILER_APPICON_NAME = AppIcon;
				ASSETCATALOG_COMPILER_GLOBAL_ACCENT_COLOR_NAME = AccentColor;
				CODE_SIGN_STYLE = Automatic;
				CURRENT_PROJECT_VERSION = 1;
				DEVELOPMENT_ASSET_PATHS = "";
				ENABLE_PREVIEWS = YES;
				GENERATE_INFOPLIST_FILE = YES;
				INFOPLIST_KEY_CFBundleDisplayName = "List To Ladle";
				INFOPLIST_KEY_CFBundleName = "List To Ladle";
				INFOPLIST_KEY_FoodTrackerAPIBaseURL = "https://food-tracker.workers.dev";
				INFOPLIST_KEY_ITSAppUsesNonExemptEncryption = NO;
				INFOPLIST_KEY_LSApplicationCategoryType = "public.app-category.food-and-drink";
				INFOPLIST_KEY_UIApplicationSceneManifest_Generation = YES;
				INFOPLIST_KEY_UIApplicationSupportsIndirectInputEvents = YES;
				INFOPLIST_KEY_UILaunchScreen_Generation = YES;
				INFOPLIST_KEY_UISupportedInterfaceOrientations = UIInterfaceOrientationPortrait;
				IPHONEOS_DEPLOYMENT_TARGET = 18.0;
				LD_RUNPATH_SEARCH_PATHS = (
					"$(inherited)",
					"@executable_path/Frameworks",
				);
				MARKETING_VERSION = 1.0;
				PRODUCT_BUNDLE_IDENTIFIER = com.zacjones.foodtracker.mobile;
				PRODUCT_NAME = "$(TARGET_NAME)";
				SUPPORTED_PLATFORMS = "iphoneos iphonesimulator";
				SUPPORTS_MACCATALYST = NO;
				SUPPORTS_XR_DESIGNED_FOR_IPHONE_IPAD = NO;
				SWIFT_EMIT_LOC_STRINGS = YES;
				SWIFT_STRICT_CONCURRENCY = complete;
				SWIFT_VERSION = 5.0;
				TARGETED_DEVICE_FAMILY = 1;
			};
			name = Release;
		};
		B20000000000000000000601 /* Debug */ = {
			isa = XCBuildConfiguration;
			buildSettings = {
				BUNDLE_LOADER = "$(TEST_HOST)";
				CODE_SIGN_STYLE = Automatic;
				CURRENT_PROJECT_VERSION = 1;
				GENERATE_INFOPLIST_FILE = YES;
				IPHONEOS_DEPLOYMENT_TARGET = 18.0;
				MARKETING_VERSION = 1.0;
				PRODUCT_BUNDLE_IDENTIFIER = com.zacjones.foodtracker.mobile.tests;
				PRODUCT_NAME = "$(TARGET_NAME)";
				SUPPORTED_PLATFORMS = "iphoneos iphonesimulator";
				SWIFT_STRICT_CONCURRENCY = complete;
				SWIFT_VERSION = 5.0;
				TARGETED_DEVICE_FAMILY = 1;
				TEST_HOST = "$(BUILT_PRODUCTS_DIR)/FoodTracker.app/$(BUNDLE_EXECUTABLE_FOLDER_PATH)/FoodTracker";
			};
			name = Debug;
		};
		B20000000000000000000602 /* Release */ = {
			isa = XCBuildConfiguration;
			buildSettings = {
				BUNDLE_LOADER = "$(TEST_HOST)";
				CODE_SIGN_STYLE = Automatic;
				CURRENT_PROJECT_VERSION = 1;
				GENERATE_INFOPLIST_FILE = YES;
				IPHONEOS_DEPLOYMENT_TARGET = 18.0;
				MARKETING_VERSION = 1.0;
				PRODUCT_BUNDLE_IDENTIFIER = com.zacjones.foodtracker.mobile.tests;
				PRODUCT_NAME = "$(TARGET_NAME)";
				SUPPORTED_PLATFORMS = "iphoneos iphonesimulator";
				SWIFT_STRICT_CONCURRENCY = complete;
				SWIFT_VERSION = 5.0;
				TARGETED_DEVICE_FAMILY = 1;
				TEST_HOST = "$(BUILT_PRODUCTS_DIR)/FoodTracker.app/$(BUNDLE_EXECUTABLE_FOLDER_PATH)/FoodTracker";
			};
			name = Release;
		};
/* End XCBuildConfiguration section */

/* Begin XCConfigurationList section */
		A10000000000000000000701 /* Build configuration list for PBXProject "FoodTracker" */ = {
			isa = XCConfigurationList;
			buildConfigurations = (
				A10000000000000000000601 /* Debug */,
				A10000000000000000000602 /* Release */,
			);
			defaultConfigurationIsVisible = 0;
			defaultConfigurationName = Release;
		};
		A10000000000000000000702 /* Build configuration list for PBXNativeTarget "FoodTracker" */ = {
			isa = XCConfigurationList;
			buildConfigurations = (
				A10000000000000000000603 /* Debug */,
				A10000000000000000000604 /* Release */,
			);
			defaultConfigurationIsVisible = 0;
			defaultConfigurationName = Release;
		};
		B20000000000000000000701 /* Build configuration list for PBXNativeTarget "FoodTrackerTests" */ = {
			isa = XCConfigurationList;
			buildConfigurations = (
				B20000000000000000000601 /* Debug */,
				B20000000000000000000602 /* Release */,
			);
			defaultConfigurationIsVisible = 0;
			defaultConfigurationName = Release;
		};
/* End XCConfigurationList section */
	};
	rootObject = A10000000000000000000501 /* Project object */;
}
